// !$*UTF8*$!
{
	archiveVersion = 1;
	classes = {
	};
	objectVersion = 56;
	objects = {

/* Begin PBXBuildFile section */
		49F79E702C17BA8000C3CFC1 /* AppDelegate.swift in Sources */ = {isa = PBXBuildFile; fileRef = 49F79E6F2C17BA8000C3CFC1 /* AppDelegate.swift */; };
		49F79E722C17BA8000C3CFC1 /* GameViewController.swift in Sources */ = {isa = PBXBuildFile; fileRef = 49F79E712C17BA8000C3CFC1 /* GameViewController.swift */; };
		49F79E752C17BA8000C3CFC1 /* Main.storyboard in Resources */ = {isa = PBXBuildFile; fileRef = 49F79E732C17BA8000C3CFC1 /* Main.storyboard */; };
		49F79E782C17BA8000C3CFC1 /* LaunchScreen.storyboard in Resources */ = {isa = PBXBuildFile; fileRef = 49F79E762C17BA8000C3CFC1 /* LaunchScreen.storyboard */; };
		49F79E802C17BA8000C3CFC1 /* AppDelegate.swift in Sources */ = {isa = PBXBuildFile; fileRef = 49F79E7F2C17BA8000C3CFC1 /* AppDelegate.swift */; };
		49F79E822C17BA8000C3CFC1 /* GameViewController.swift in Sources */ = {isa = PBXBuildFile; fileRef = 49F79E812C17BA8000C3CFC1 /* GameViewController.swift */; };
		49F79E852C17BA8000C3CFC1 /* Main.storyboard in Resources */ = {isa = PBXBuildFile; fileRef = 49F79E832C17BA8000C3CFC1 /* Main.storyboard */; };
		49F79E882C17BA8000C3CFC1 /* LaunchScreen.storyboard in Resources */ = {isa = PBXBuildFile; fileRef = 49F79E862C17BA8000C3CFC1 /* LaunchScreen.storyboard */; };
		49F79E902C17BA8000C3CFC1 /* AppDelegate.swift in Sources */ = {isa = PBXBuildFile; fileRef = 49F79E8F2C17BA8000C3CFC1 /* AppDelegate.swift */; };
		49F79E922C17BA8000C3CFC1 /* GameViewController.swift in Sources */ = {isa = PBXBuildFile; fileRef = 49F79E912C17BA8000C3CFC1 /* GameViewController.swift */; };
		49F79E952C17BA8000C3CFC1 /* Main.storyboard in Resources */ = {isa = PBXBuildFile; fileRef = 49F79E932C17BA8000C3CFC1 /* Main.storyboard */; };
		49F79E9A2C17BA8000C3CFC1 /* Renderer.swift in Sources */ = {isa = PBXBuildFile; fileRef = 49F79E652C17BA7E00C3CFC1 /* Renderer.swift */; };
		49F79E9B2C17BA8000C3CFC1 /* Renderer.swift in Sources */ = {isa = PBXBuildFile; fileRef = 49F79E652C17BA7E00C3CFC1 /* Renderer.swift */; };
		49F79E9C2C17BA8000C3CFC1 /* Renderer.swift in Sources */ = {isa = PBXBuildFile; fileRef = 49F79E652C17BA7E00C3CFC1 /* Renderer.swift */; };
		49F79E9D2C17BA8000C3CFC1 /* ShaderTypes.h in Resources */ = {isa = PBXBuildFile; fileRef = 49F79E662C17BA7E00C3CFC1 /* ShaderTypes.h */; };
		49F79E9E2C17BA8000C3CFC1 /* ShaderTypes.h in Resources */ = {isa = PBXBuildFile; fileRef = 49F79E662C17BA7E00C3CFC1 /* ShaderTypes.h */; };
		49F79E9F2C17BA8000C3CFC1 /* ShaderTypes.h in Resources */ = {isa = PBXBuildFile; fileRef = 49F79E662C17BA7E00C3CFC1 /* ShaderTypes.h */; };
		49F79EA02C17BA8000C3CFC1 /* Assets.xcassets in Resources */ = {isa = PBXBuildFile; fileRef = 49F79E672C17BA8000C3CFC1 /* Assets.xcassets */; };
		49F79EA12C17BA8000C3CFC1 /* Assets.xcassets in Resources */ = {isa = PBXBuildFile; fileRef = 49F79E672C17BA8000C3CFC1 /* Assets.xcassets */; };
		49F79EA22C17BA8000C3CFC1 /* Assets.xcassets in Resources */ = {isa = PBXBuildFile; fileRef = 49F79E672C17BA8000C3CFC1 /* Assets.xcassets */; };
		49F79EAF2C1DED8C00C3CFC1 /* Compute.metal in Sources */ = {isa = PBXBuildFile; fileRef = 49F79EAE2C1DED8C00C3CFC1 /* Compute.metal */; };
		49F79EB02C1DED8C00C3CFC1 /* Compute.metal in Sources */ = {isa = PBXBuildFile; fileRef = 49F79EAE2C1DED8C00C3CFC1 /* Compute.metal */; };
		49F79EB12C1DED8C00C3CFC1 /* Compute.metal in Sources */ = {isa = PBXBuildFile; fileRef = 49F79EAE2C1DED8C00C3CFC1 /* Compute.metal */; };
		49F79EB32C1F36E500C3CFC1 /* VoxelVolumeSystem.swift in Sources */ = {isa = PBXBuildFile; fileRef = 49F79EB22C1F36E500C3CFC1 /* VoxelVolumeSystem.swift */; };
		49F79EB42C1F36E500C3CFC1 /* VoxelVolumeSystem.swift in Sources */ = {isa = PBXBuildFile; fileRef = 49F79EB22C1F36E500C3CFC1 /* VoxelVolumeSystem.swift */; };
		49F79EB52C1F36E500C3CFC1 /* VoxelVolumeSystem.swift in Sources */ = {isa = PBXBuildFile; fileRef = 49F79EB22C1F36E500C3CFC1 /* VoxelVolumeSystem.swift */; };
		49F79EB72C1F41AC00C3CFC1 /* VoxelRayTracing.metal in Sources */ = {isa = PBXBuildFile; fileRef = 49F79EB62C1F41AC00C3CFC1 /* VoxelRayTracing.metal */; };
		49F79EB82C1F41AC00C3CFC1 /* VoxelRayTracing.metal in Sources */ = {isa = PBXBuildFile; fileRef = 49F79EB62C1F41AC00C3CFC1 /* VoxelRayTracing.metal */; };
		49F79EB92C1F41AC00C3CFC1 /* VoxelRayTracing.metal in Sources */ = {isa = PBXBuildFile; fileRef = 49F79EB62C1F41AC00C3CFC1 /* VoxelRayTracing.metal */; };
/* End PBXBuildFile section */

/* Begin PBXFileReference section */
		49F79E652C17BA7E00C3CFC1 /* Renderer.swift */ = {isa = PBXFileReference; lastKnownFileType = sourcecode.swift; path = Renderer.swift; sourceTree = "<group>"; };
		49F79E662C17BA7E00C3CFC1 /* ShaderTypes.h */ = {isa = PBXFileReference; lastKnownFileType = sourcecode.c.h; path = ShaderTypes.h; sourceTree = "<group>"; };
		49F79E672C17BA8000C3CFC1 /* Assets.xcassets */ = {isa = PBXFileReference; lastKnownFileType = folder.assetcatalog; path = Assets.xcassets; sourceTree = "<group>"; };
		49F79E6C2C17BA8000C3CFC1 /* r4.app */ = {isa = PBXFileReference; explicitFileType = wrapper.application; includeInIndex = 0; path = r4.app; sourceTree = BUILT_PRODUCTS_DIR; };
		49F79E6F2C17BA8000C3CFC1 /* AppDelegate.swift */ = {isa = PBXFileReference; lastKnownFileType = sourcecode.swift; path = AppDelegate.swift; sourceTree = "<group>"; };
		49F79E712C17BA8000C3CFC1 /* GameViewController.swift */ = {isa = PBXFileReference; lastKnownFileType = sourcecode.swift; path = GameViewController.swift; sourceTree = "<group>"; };
		49F79E742C17BA8000C3CFC1 /* Base */ = {isa = PBXFileReference; lastKnownFileType = file.storyboard; name = Base; path = Base.lproj/Main.storyboard; sourceTree = "<group>"; };
		49F79E772C17BA8000C3CFC1 /* Base */ = {isa = PBXFileReference; lastKnownFileType = file.storyboard; name = Base; path = Base.lproj/LaunchScreen.storyboard; sourceTree = "<group>"; };
		49F79E7D2C17BA8000C3CFC1 /* r4.app */ = {isa = PBXFileReference; explicitFileType = wrapper.application; includeInIndex = 0; path = r4.app; sourceTree = BUILT_PRODUCTS_DIR; };
		49F79E7F2C17BA8000C3CFC1 /* AppDelegate.swift */ = {isa = PBXFileReference; lastKnownFileType = sourcecode.swift; path = AppDelegate.swift; sourceTree = "<group>"; };
		49F79E812C17BA8000C3CFC1 /* GameViewController.swift */ = {isa = PBXFileReference; lastKnownFileType = sourcecode.swift; path = GameViewController.swift; sourceTree = "<group>"; };
		49F79E842C17BA8000C3CFC1 /* Base */ = {isa = PBXFileReference; lastKnownFileType = file.storyboard; name = Base; path = Base.lproj/Main.storyboard; sourceTree = "<group>"; };
		49F79E872C17BA8000C3CFC1 /* Base */ = {isa = PBXFileReference; lastKnownFileType = file.storyboard; name = Base; path = Base.lproj/LaunchScreen.storyboard; sourceTree = "<group>"; };
		49F79E8D2C17BA8000C3CFC1 /* r4.app */ = {isa = PBXFileReference; explicitFileType = wrapper.application; includeInIndex = 0; path = r4.app; sourceTree = BUILT_PRODUCTS_DIR; };
		49F79E8F2C17BA8000C3CFC1 /* AppDelegate.swift */ = {isa = PBXFileReference; lastKnownFileType = sourcecode.swift; path = AppDelegate.swift; sourceTree = "<group>"; };
		49F79E912C17BA8000C3CFC1 /* GameViewController.swift */ = {isa = PBXFileReference; lastKnownFileType = sourcecode.swift; path = GameViewController.swift; sourceTree = "<group>"; };
		49F79E942C17BA8000C3CFC1 /* Base */ = {isa = PBXFileReference; lastKnownFileType = file.storyboard; name = Base; path = Base.lproj/Main.storyboard; sourceTree = "<group>"; };
		49F79E962C17BA8000C3CFC1 /* r4_macOS.entitlements */ = {isa = PBXFileReference; lastKnownFileType = text.plist.entitlements; path = r4_macOS.entitlements; sourceTree = "<group>"; };
		49F79EAE2C1DED8C00C3CFC1 /* Compute.metal */ = {isa = PBXFileReference; lastKnownFileType = sourcecode.metal; path = Compute.metal; sourceTree = "<group>"; };
		49F79EB22C1F36E500C3CFC1 /* VoxelVolumeSystem.swift */ = {isa = PBXFileReference; lastKnownFileType = sourcecode.swift; path = VoxelVolumeSystem.swift; sourceTree = "<group>"; };
		49F79EB62C1F41AC00C3CFC1 /* VoxelRayTracing.metal */ = {isa = PBXFileReference; lastKnownFileType = sourcecode.metal; path = VoxelRayTracing.metal; sourceTree = "<group>"; };
/* End PBXFileReference section */

/* Begin PBXFrameworksBuildPhase section */
		49F79E692C17BA8000C3CFC1 /* Frameworks */ = {
			isa = PBXFrameworksBuildPhase;
			buildActionMask = 2147483647;
			files = (
			);
			runOnlyForDeploymentPostprocessing = 0;
		};
		49F79E7A2C17BA8000C3CFC1 /* Frameworks */ = {
			isa = PBXFrameworksBuildPhase;
			buildActionMask = 2147483647;
			files = (
			);
			runOnlyForDeploymentPostprocessing = 0;
		};
		49F79E8A2C17BA8000C3CFC1 /* Frameworks */ = {
			isa = PBXFrameworksBuildPhase;
			buildActionMask = 2147483647;
			files = (
			);
			runOnlyForDeploymentPostprocessing = 0;
		};
/* End PBXFrameworksBuildPhase section */

/* Begin PBXGroup section */
		49F79E5E2C17BA7E00C3CFC1 = {
			isa = PBXGroup;
			children = (
				49F79E632C17BA7E00C3CFC1 /* r4 Shared */,
				49F79E6E2C17BA8000C3CFC1 /* r4 iOS */,
				49F79E7E2C17BA8000C3CFC1 /* r4 tvOS */,
				49F79E8E2C17BA8000C3CFC1 /* r4 macOS */,
				49F79E6D2C17BA8000C3CFC1 /* Products */,
			);
			sourceTree = "<group>";
		};
		49F79E632C17BA7E00C3CFC1 /* r4 Shared */ = {
			isa = PBXGroup;
			children = (
				49F79E652C17BA7E00C3CFC1 /* Renderer.swift */,
				49F79E662C17BA7E00C3CFC1 /* ShaderTypes.h */,
				49F79E672C17BA8000C3CFC1 /* Assets.xcassets */,
				49F79EAE2C1DED8C00C3CFC1 /* Compute.metal */,
				49F79EB22C1F36E500C3CFC1 /* VoxelVolumeSystem.swift */,
				49F79EB62C1F41AC00C3CFC1 /* VoxelRayTracing.metal */,
			);
			path = "r4 Shared";
			sourceTree = "<group>";
		};
		49F79E6D2C17BA8000C3CFC1 /* Products */ = {
			isa = PBXGroup;
			children = (
				49F79E6C2C17BA8000C3CFC1 /* r4.app */,
				49F79E7D2C17BA8000C3CFC1 /* r4.app */,
				49F79E8D2C17BA8000C3CFC1 /* r4.app */,
			);
			name = Products;
			sourceTree = "<group>";
		};
		49F79E6E2C17BA8000C3CFC1 /* r4 iOS */ = {
			isa = PBXGroup;
			children = (
				49F79E6F2C17BA8000C3CFC1 /* AppDelegate.swift */,
				49F79E712C17BA8000C3CFC1 /* GameViewController.swift */,
				49F79E732C17BA8000C3CFC1 /* Main.storyboard */,
				49F79E762C17BA8000C3CFC1 /* LaunchScreen.storyboard */,
			);
			path = "r4 iOS";
			sourceTree = "<group>";
		};
		49F79E7E2C17BA8000C3CFC1 /* r4 tvOS */ = {
			isa = PBXGroup;
			children = (
				49F79E7F2C17BA8000C3CFC1 /* AppDelegate.swift */,
				49F79E812C17BA8000C3CFC1 /* GameViewController.swift */,
				49F79E832C17BA8000C3CFC1 /* Main.storyboard */,
				49F79E862C17BA8000C3CFC1 /* LaunchScreen.storyboard */,
			);
			path = "r4 tvOS";
			sourceTree = "<group>";
		};
		49F79E8E2C17BA8000C3CFC1 /* r4 macOS */ = {
			isa = PBXGroup;
			children = (
				49F79E8F2C17BA8000C3CFC1 /* AppDelegate.swift */,
				49F79E912C17BA8000C3CFC1 /* GameViewController.swift */,
				49F79E932C17BA8000C3CFC1 /* Main.storyboard */,
				49F79E962C17BA8000C3CFC1 /* r4_macOS.entitlements */,
			);
			path = "r4 macOS";
			sourceTree = "<group>";
		};
/* End PBXGroup section */

/* Begin PBXNativeTarget section */
		49F79E6B2C17BA8000C3CFC1 /* r4 iOS */ = {
			isa = PBXNativeTarget;
			buildConfigurationList = 49F79EA52C17BA8000C3CFC1 /* Build configuration list for PBXNativeTarget "r4 iOS" */;
			buildPhases = (
				49F79E682C17BA8000C3CFC1 /* Sources */,
				49F79E692C17BA8000C3CFC1 /* Frameworks */,
				49F79E6A2C17BA8000C3CFC1 /* Resources */,
			);
			buildRules = (
			);
			dependencies = (
			);
			name = "r4 iOS";
			productName = "r4 iOS";
			productReference = 49F79E6C2C17BA8000C3CFC1 /* r4.app */;
			productType = "com.apple.product-type.application";
		};
		49F79E7C2C17BA8000C3CFC1 /* r4 tvOS */ = {
			isa = PBXNativeTarget;
			buildConfigurationList = 49F79EA82C17BA8000C3CFC1 /* Build configuration list for PBXNativeTarget "r4 tvOS" */;
			buildPhases = (
				49F79E792C17BA8000C3CFC1 /* Sources */,
				49F79E7A2C17BA8000C3CFC1 /* Frameworks */,
				49F79E7B2C17BA8000C3CFC1 /* Resources */,
			);
			buildRules = (
			);
			dependencies = (
			);
			name = "r4 tvOS";
			productName = "r4 tvOS";
			productReference = 49F79E7D2C17BA8000C3CFC1 /* r4.app */;
			productType = "com.apple.product-type.application";
		};
		49F79E8C2C17BA8000C3CFC1 /* r4 macOS */ = {
			isa = PBXNativeTarget;
			buildConfigurationList = 49F79EAB2C17BA8000C3CFC1 /* Build configuration list for PBXNativeTarget "r4 macOS" */;
			buildPhases = (
				49F79E892C17BA8000C3CFC1 /* Sources */,
				49F79E8A2C17BA8000C3CFC1 /* Frameworks */,
				49F79E8B2C17BA8000C3CFC1 /* Resources */,
			);
			buildRules = (
			);
			dependencies = (
			);
			name = "r4 macOS";
			productName = "r4 macOS";
			productReference = 49F79E8D2C17BA8000C3CFC1 /* r4.app */;
			productType = "com.apple.product-type.application";
		};
/* End PBXNativeTarget section */

/* Begin PBXProject section */
		49F79E5F2C17BA7E00C3CFC1 /* Project object */ = {
			isa = PBXProject;
			attributes = {
				BuildIndependentTargetsInParallel = 1;
				LastSwiftUpdateCheck = 1500;
				LastUpgradeCheck = 1500;
				TargetAttributes = {
					49F79E6B2C17BA8000C3CFC1 = {
						CreatedOnToolsVersion = 15.0.1;
					};
					49F79E7C2C17BA8000C3CFC1 = {
						CreatedOnToolsVersion = 15.0.1;
					};
					49F79E8C2C17BA8000C3CFC1 = {
						CreatedOnToolsVersion = 15.0.1;
					};
				};
			};
			buildConfigurationList = 49F79E622C17BA7E00C3CFC1 /* Build configuration list for PBXProject "r4" */;
			compatibilityVersion = "Xcode 14.0";
			developmentRegion = en;
			hasScannedForEncodings = 0;
			knownRegions = (
				en,
				Base,
			);
			mainGroup = 49F79E5E2C17BA7E00C3CFC1;
			productRefGroup = 49F79E6D2C17BA8000C3CFC1 /* Products */;
			projectDirPath = "";
			projectRoot = "";
			targets = (
				49F79E6B2C17BA8000C3CFC1 /* r4 iOS */,
				49F79E7C2C17BA8000C3CFC1 /* r4 tvOS */,
				49F79E8C2C17BA8000C3CFC1 /* r4 macOS */,
			);
		};
/* End PBXProject section */

/* Begin PBXResourcesBuildPhase section */
		49F79E6A2C17BA8000C3CFC1 /* Resources */ = {
			isa = PBXResourcesBuildPhase;
			buildActionMask = 2147483647;
			files = (
				49F79E9D2C17BA8000C3CFC1 /* ShaderTypes.h in Resources */,
				49F79E752C17BA8000C3CFC1 /* Main.storyboard in Resources */,
				49F79EA02C17BA8000C3CFC1 /* Assets.xcassets in Resources */,
				49F79E782C17BA8000C3CFC1 /* LaunchScreen.storyboard in Resources */,
			);
			runOnlyForDeploymentPostprocessing = 0;
		};
		49F79E7B2C17BA8000C3CFC1 /* Resources */ = {
			isa = PBXResourcesBuildPhase;
			buildActionMask = 2147483647;
			files = (
				49F79E9E2C17BA8000C3CFC1 /* ShaderTypes.h in Resources */,
				49F79E852C17BA8000C3CFC1 /* Main.storyboard in Resources */,
				49F79EA12C17BA8000C3CFC1 /* Assets.xcassets in Resources */,
				49F79E882C17BA8000C3CFC1 /* LaunchScreen.storyboard in Resources */,
			);
			runOnlyForDeploymentPostprocessing = 0;
		};
		49F79E8B2C17BA8000C3CFC1 /* Resources */ = {
			isa = PBXResourcesBuildPhase;
			buildActionMask = 2147483647;
			files = (
				49F79E952C17BA8000C3CFC1 /* Main.storyboard in Resources */,
				49F79EA22C17BA8000C3CFC1 /* Assets.xcassets in Resources */,
				49F79E9F2C17BA8000C3CFC1 /* ShaderTypes.h in Resources */,
			);
			runOnlyForDeploymentPostprocessing = 0;
		};
/* End PBXResourcesBuildPhase section */

/* Begin PBXSourcesBuildPhase section */
		49F79E682C17BA8000C3CFC1 /* Sources */ = {
			isa = PBXSourcesBuildPhase;
			buildActionMask = 2147483647;
			files = (
				49F79E9A2C17BA8000C3CFC1 /* Renderer.swift in Sources */,
				49F79EB72C1F41AC00C3CFC1 /* VoxelRayTracing.metal in Sources */,
				49F79EB32C1F36E500C3CFC1 /* VoxelVolumeSystem.swift in Sources */,
				49F79EAF2C1DED8C00C3CFC1 /* Compute.metal in Sources */,
				49F79E722C17BA8000C3CFC1 /* GameViewController.swift in Sources */,
				49F79E702C17BA8000C3CFC1 /* AppDelegate.swift in Sources */,
			);
			runOnlyForDeploymentPostprocessing = 0;
		};
		49F79E792C17BA8000C3CFC1 /* Sources */ = {
			isa = PBXSourcesBuildPhase;
			buildActionMask = 2147483647;
			files = (
				49F79E9B2C17BA8000C3CFC1 /* Renderer.swift in Sources */,
				49F79EB82C1F41AC00C3CFC1 /* VoxelRayTracing.metal in Sources */,
				49F79EB42C1F36E500C3CFC1 /* VoxelVolumeSystem.swift in Sources */,
				49F79EB02C1DED8C00C3CFC1 /* Compute.metal in Sources */,
				49F79E822C17BA8000C3CFC1 /* GameViewController.swift in Sources */,
				49F79E802C17BA8000C3CFC1 /* AppDelegate.swift in Sources */,
			);
			runOnlyForDeploymentPostprocessing = 0;
		};
		49F79E892C17BA8000C3CFC1 /* Sources */ = {
			isa = PBXSourcesBuildPhase;
			buildActionMask = 2147483647;
			files = (
				49F79E9C2C17BA8000C3CFC1 /* Renderer.swift in Sources */,
				49F79EB92C1F41AC00C3CFC1 /* VoxelRayTracing.metal in Sources */,
				49F79EB52C1F36E500C3CFC1 /* VoxelVolumeSystem.swift in Sources */,
				49F79EB12C1DED8C00C3CFC1 /* Compute.metal in Sources */,
				49F79E922C17BA8000C3CFC1 /* GameViewController.swift in Sources */,
				49F79E902C17BA8000C3CFC1 /* AppDelegate.swift in Sources */,
			);
			runOnlyForDeploymentPostprocessing = 0;
		};
/* End PBXSourcesBuildPhase section */

/* Begin PBXVariantGroup section */
		49F79E732C17BA8000C3CFC1 /* Main.storyboard */ = {
			isa = PBXVariantGroup;
			children = (
				49F79E742C17BA8000C3CFC1 /* Base */,
			);
			name = Main.storyboard;
			sourceTree = "<group>";
		};
		49F79E762C17BA8000C3CFC1 /* LaunchScreen.storyboard */ = {
			isa = PBXVariantGroup;
			children = (
				49F79E772C17BA8000C3CFC1 /* Base */,
			);
			name = LaunchScreen.storyboard;
			sourceTree = "<group>";
		};
		49F79E832C17BA8000C3CFC1 /* Main.storyboard */ = {
			isa = PBXVariantGroup;
			children = (
				49F79E842C17BA8000C3CFC1 /* Base */,
			);
			name = Main.storyboard;
			sourceTree = "<group>";
		};
		49F79E862C17BA8000C3CFC1 /* LaunchScreen.storyboard */ = {
			isa = PBXVariantGroup;
			children = (
				49F79E872C17BA8000C3CFC1 /* Base */,
			);
			name = LaunchScreen.storyboard;
			sourceTree = "<group>";
		};
		49F79E932C17BA8000C3CFC1 /* Main.storyboard */ = {
			isa = PBXVariantGroup;
			children = (
				49F79E942C17BA8000C3CFC1 /* Base */,
			);
			name = Main.storyboard;
			sourceTree = "<group>";
		};
/* End PBXVariantGroup section */

/* Begin XCBuildConfiguration section */
		49F79EA32C17BA8000C3CFC1 /* Debug */ = {
			isa = XCBuildConfiguration;
			buildSettings = {
				ALWAYS_SEARCH_USER_PATHS = NO;
				ASSETCATALOG_COMPILER_GENERATE_SWIFT_ASSET_SYMBOL_EXTENSIONS = YES;
				CLANG_ANALYZER_NONNULL = YES;
				CLANG_ANALYZER_NUMBER_OBJECT_CONVERSION = YES_AGGRESSIVE;
				CLANG_CXX_LANGUAGE_STANDARD = "gnu++20";
				CLANG_ENABLE_MODULES = YES;
				CLANG_ENABLE_OBJC_ARC = YES;
				CLANG_ENABLE_OBJC_WEAK = YES;
				CLANG_WARN_BLOCK_CAPTURE_AUTORELEASING = YES;
				CLANG_WARN_BOOL_CONVERSION = YES;
				CLANG_WARN_COMMA = YES;
				CLANG_WARN_CONSTANT_CONVERSION = YES;
				CLANG_WARN_DEPRECATED_OBJC_IMPLEMENTATIONS = YES;
				CLANG_WARN_DIRECT_OBJC_ISA_USAGE = YES_ERROR;
				CLANG_WARN_DOCUMENTATION_COMMENTS = YES;
				CLANG_WARN_EMPTY_BODY = YES;
				CLANG_WARN_ENUM_CONVERSION = YES;
				CLANG_WARN_INFINITE_RECURSION = YES;
				CLANG_WARN_INT_CONVERSION = YES;
				CLANG_WARN_NON_LITERAL_NULL_CONVERSION = YES;
				CLANG_WARN_OBJC_IMPLICIT_RETAIN_SELF = YES;
				CLANG_WARN_OBJC_LITERAL_CONVERSION = YES;
				CLANG_WARN_OBJC_ROOT_CLASS = YES_ERROR;
				CLANG_WARN_QUOTED_INCLUDE_IN_FRAMEWORK_HEADER = YES;
				CLANG_WARN_RANGE_LOOP_ANALYSIS = YES;
				CLANG_WARN_STRICT_PROTOTYPES = YES;
				CLANG_WARN_SUSPICIOUS_MOVE = YES;
				CLANG_WARN_UNGUARDED_AVAILABILITY = YES_AGGRESSIVE;
				CLANG_WARN_UNREACHABLE_CODE = YES;
				CLANG_WARN__DUPLICATE_METHOD_MATCH = YES;
				COPY_PHASE_STRIP = NO;
				DEBUG_INFORMATION_FORMAT = dwarf;
				ENABLE_STRICT_OBJC_MSGSEND = YES;
				ENABLE_TESTABILITY = YES;
				ENABLE_USER_SCRIPT_SANDBOXING = YES;
				GCC_C_LANGUAGE_STANDARD = gnu17;
				GCC_DYNAMIC_NO_PIC = NO;
				GCC_NO_COMMON_BLOCKS = YES;
				GCC_OPTIMIZATION_LEVEL = 0;
				GCC_PREPROCESSOR_DEFINITIONS = (
					"DEBUG=1",
					"$(inherited)",
				);
				GCC_WARN_64_TO_32_BIT_CONVERSION = YES;
				GCC_WARN_ABOUT_RETURN_TYPE = YES_ERROR;
				GCC_WARN_UNDECLARED_SELECTOR = YES;
				GCC_WARN_UNINITIALIZED_AUTOS = YES_AGGRESSIVE;
				GCC_WARN_UNUSED_FUNCTION = YES;
				GCC_WARN_UNUSED_VARIABLE = YES;
				LOCALIZATION_PREFERS_STRING_CATALOGS = YES;
				MTL_ENABLE_DEBUG_INFO = INCLUDE_SOURCE;
				MTL_FAST_MATH = YES;
				ONLY_ACTIVE_ARCH = YES;
				SWIFT_ACTIVE_COMPILATION_CONDITIONS = "DEBUG $(inherited)";
				SWIFT_OPTIMIZATION_LEVEL = "-Onone";
			};
			name = Debug;
		};
		49F79EA42C17BA8000C3CFC1 /* Release */ = {
			isa = XCBuildConfiguration;
			buildSettings = {
				ALWAYS_SEARCH_USER_PATHS = NO;
				ASSETCATALOG_COMPILER_GENERATE_SWIFT_ASSET_SYMBOL_EXTENSIONS = YES;
				CLANG_ANALYZER_NONNULL = YES;
				CLANG_ANALYZER_NUMBER_OBJECT_CONVERSION = YES_AGGRESSIVE;
				CLANG_CXX_LANGUAGE_STANDARD = "gnu++20";
				CLANG_ENABLE_MODULES = YES;
				CLANG_ENABLE_OBJC_ARC = YES;
				CLANG_ENABLE_OBJC_WEAK = YES;
				CLANG_WARN_BLOCK_CAPTURE_AUTORELEASING = YES;
				CLANG_WARN_BOOL_CONVERSION = YES;
				CLANG_WARN_COMMA = YES;
				CLANG_WARN_CONSTANT_CONVERSION = YES;
				CLANG_WARN_DEPRECATED_OBJC_IMPLEMENTATIONS = YES;
				CLANG_WARN_DIRECT_OBJC_ISA_USAGE = YES_ERROR;
				CLANG_WARN_DOCUMENTATION_COMMENTS = YES;
				CLANG_WARN_EMPTY_BODY = YES;
				CLANG_WARN_ENUM_CONVERSION = YES;
				CLANG_WARN_INFINITE_RECURSION = YES;
				CLANG_WARN_INT_CONVERSION = YES;
				CLANG_WARN_NON_LITERAL_NULL_CONVERSION = YES;
				CLANG_WARN_OBJC_IMPLICIT_RETAIN_SELF = YES;
				CLANG_WARN_OBJC_LITERAL_CONVERSION = YES;
				CLANG_WARN_OBJC_ROOT_CLASS = YES_ERROR;
				CLANG_WARN_QUOTED_INCLUDE_IN_FRAMEWORK_HEADER = YES;
				CLANG_WARN_RANGE_LOOP_ANALYSIS = YES;
				CLANG_WARN_STRICT_PROTOTYPES = YES;
				CLANG_WARN_SUSPICIOUS_MOVE = YES;
				CLANG_WARN_UNGUARDED_AVAILABILITY = YES_AGGRESSIVE;
				CLANG_WARN_UNREACHABLE_CODE = YES;
				CLANG_WARN__DUPLICATE_METHOD_MATCH = YES;
				COPY_PHASE_STRIP = NO;
				DEBUG_INFORMATION_FORMAT = "dwarf-with-dsym";
				ENABLE_NS_ASSERTIONS = NO;
				ENABLE_STRICT_OBJC_MSGSEND = YES;
				ENABLE_USER_SCRIPT_SANDBOXING = YES;
				GCC_C_LANGUAGE_STANDARD = gnu17;
				GCC_NO_COMMON_BLOCKS = YES;
				GCC_WARN_64_TO_32_BIT_CONVERSION = YES;
				GCC_WARN_ABOUT_RETURN_TYPE = YES_ERROR;
				GCC_WARN_UNDECLARED_SELECTOR = YES;
				GCC_WARN_UNINITIALIZED_AUTOS = YES_AGGRESSIVE;
				GCC_WARN_UNUSED_FUNCTION = YES;
				GCC_WARN_UNUSED_VARIABLE = YES;
				LOCALIZATION_PREFERS_STRING_CATALOGS = YES;
				MTL_ENABLE_DEBUG_INFO = NO;
				MTL_FAST_MATH = YES;
				SWIFT_COMPILATION_MODE = wholemodule;
			};
			name = Release;
		};
		49F79EA62C17BA8000C3CFC1 /* Debug */ = {
			isa = XCBuildConfiguration;
			buildSettings = {
				ASSETCATALOG_COMPILER_APPICON_NAME = AppIcon;
				ASSETCATALOG_COMPILER_GLOBAL_ACCENT_COLOR_NAME = AccentColor;
				CODE_SIGN_STYLE = Automatic;
				CURRENT_PROJECT_VERSION = 1;
				DEVELOPMENT_TEAM = HX4MHL65HS;
				GENERATE_INFOPLIST_FILE = YES;
				INFOPLIST_KEY_UIApplicationSupportsIndirectInputEvents = YES;
				INFOPLIST_KEY_UILaunchStoryboardName = LaunchScreen;
				INFOPLIST_KEY_UIMainStoryboardFile = Main;
				INFOPLIST_KEY_UIStatusBarHidden = YES;
				INFOPLIST_KEY_UISupportedInterfaceOrientations_iPad = "UIInterfaceOrientationPortrait UIInterfaceOrientationPortraitUpsideDown UIInterfaceOrientationLandscapeLeft UIInterfaceOrientationLandscapeRight";
				INFOPLIST_KEY_UISupportedInterfaceOrientations_iPhone = "UIInterfaceOrientationPortrait UIInterfaceOrientationLandscapeLeft UIInterfaceOrientationLandscapeRight";
				IPHONEOS_DEPLOYMENT_TARGET = 17.0;
				LD_RUNPATH_SEARCH_PATHS = (
					"$(inherited)",
					"@executable_path/Frameworks",
				);
				MARKETING_VERSION = 1.0;
				PRODUCT_BUNDLE_IDENTIFIER = personal.r4;
				PRODUCT_NAME = r4;
				SDKROOT = iphoneos;
				SWIFT_EMIT_LOC_STRINGS = YES;
				SWIFT_OBJC_BRIDGING_HEADER = "r4 Shared/ShaderTypes.h";
				SWIFT_VERSION = 5.0;
				TARGETED_DEVICE_FAMILY = "1,2";
			};
			name = Debug;
		};
		49F79EA72C17BA8000C3CFC1 /* Release */ = {
			isa = XCBuildConfiguration;
			buildSettings = {
				ASSETCATALOG_COMPILER_APPICON_NAME = AppIcon;
				ASSETCATALOG_COMPILER_GLOBAL_ACCENT_COLOR_NAME = AccentColor;
				CODE_SIGN_STYLE = Automatic;
				CURRENT_PROJECT_VERSION = 1;
				DEVELOPMENT_TEAM = HX4MHL65HS;
				GENERATE_INFOPLIST_FILE = YES;
				INFOPLIST_KEY_UIApplicationSupportsIndirectInputEvents = YES;
				INFOPLIST_KEY_UILaunchStoryboardName = LaunchScreen;
				INFOPLIST_KEY_UIMainStoryboardFile = Main;
				INFOPLIST_KEY_UIStatusBarHidden = YES;
				INFOPLIST_KEY_UISupportedInterfaceOrientations_iPad = "UIInterfaceOrientationPortrait UIInterfaceOrientationPortraitUpsideDown UIInterfaceOrientationLandscapeLeft UIInterfaceOrientationLandscapeRight";
				INFOPLIST_KEY_UISupportedInterfaceOrientations_iPhone = "UIInterfaceOrientationPortrait UIInterfaceOrientationLandscapeLeft UIInterfaceOrientationLandscapeRight";
				IPHONEOS_DEPLOYMENT_TARGET = 17.0;
				LD_RUNPATH_SEARCH_PATHS = (
					"$(inherited)",
					"@executable_path/Frameworks",
				);
				MARKETING_VERSION = 1.0;
				PRODUCT_BUNDLE_IDENTIFIER = personal.r4;
				PRODUCT_NAME = r4;
				SDKROOT = iphoneos;
				SWIFT_EMIT_LOC_STRINGS = YES;
				SWIFT_OBJC_BRIDGING_HEADER = "r4 Shared/ShaderTypes.h";
				SWIFT_VERSION = 5.0;
				TARGETED_DEVICE_FAMILY = "1,2";
				VALIDATE_PRODUCT = YES;
			};
			name = Release;
		};
		49F79EA92C17BA8000C3CFC1 /* Debug */ = {
			isa = XCBuildConfiguration;
			buildSettings = {
				ASSETCATALOG_COMPILER_APPICON_NAME = "tvOS App Icon & Top Shelf Image";
				ASSETCATALOG_COMPILER_GLOBAL_ACCENT_COLOR_NAME = AccentColor;
				CODE_SIGN_STYLE = Automatic;
				CURRENT_PROJECT_VERSION = 1;
				DEVELOPMENT_TEAM = HX4MHL65HS;
				GENERATE_INFOPLIST_FILE = YES;
				INFOPLIST_KEY_UILaunchStoryboardName = LaunchScreen;
				INFOPLIST_KEY_UIMainStoryboardFile = Main;
				INFOPLIST_KEY_UIUserInterfaceStyle = Automatic;
				LD_RUNPATH_SEARCH_PATHS = (
					"$(inherited)",
					"@executable_path/Frameworks",
				);
				MARKETING_VERSION = 1.0;
				PRODUCT_BUNDLE_IDENTIFIER = personal.r4;
				PRODUCT_NAME = r4;
				SDKROOT = appletvos;
				SWIFT_EMIT_LOC_STRINGS = YES;
				SWIFT_OBJC_BRIDGING_HEADER = "r4 Shared/ShaderTypes.h";
				SWIFT_VERSION = 5.0;
				TARGETED_DEVICE_FAMILY = 3;
				TVOS_DEPLOYMENT_TARGET = 17.0;
			};
			name = Debug;
		};
		49F79EAA2C17BA8000C3CFC1 /* Release */ = {
			isa = XCBuildConfiguration;
			buildSettings = {
				ASSETCATALOG_COMPILER_APPICON_NAME = "tvOS App Icon & Top Shelf Image";
				ASSETCATALOG_COMPILER_GLOBAL_ACCENT_COLOR_NAME = AccentColor;
				CODE_SIGN_STYLE = Automatic;
				CURRENT_PROJECT_VERSION = 1;
				DEVELOPMENT_TEAM = HX4MHL65HS;
				GENERATE_INFOPLIST_FILE = YES;
				INFOPLIST_KEY_UILaunchStoryboardName = LaunchScreen;
				INFOPLIST_KEY_UIMainStoryboardFile = Main;
				INFOPLIST_KEY_UIUserInterfaceStyle = Automatic;
				LD_RUNPATH_SEARCH_PATHS = (
					"$(inherited)",
					"@executable_path/Frameworks",
				);
				MARKETING_VERSION = 1.0;
				PRODUCT_BUNDLE_IDENTIFIER = personal.r4;
				PRODUCT_NAME = r4;
				SDKROOT = appletvos;
				SWIFT_EMIT_LOC_STRINGS = YES;
				SWIFT_OBJC_BRIDGING_HEADER = "r4 Shared/ShaderTypes.h";
				SWIFT_VERSION = 5.0;
				TARGETED_DEVICE_FAMILY = 3;
				TVOS_DEPLOYMENT_TARGET = 17.0;
				VALIDATE_PRODUCT = YES;
			};
			name = Release;
		};
		49F79EAC2C17BA8000C3CFC1 /* Debug */ = {
			isa = XCBuildConfiguration;
			buildSettings = {
				ASSETCATALOG_COMPILER_APPICON_NAME = AppIcon;
				ASSETCATALOG_COMPILER_GLOBAL_ACCENT_COLOR_NAME = AccentColor;
				CODE_SIGN_ENTITLEMENTS = "r4 macOS/r4_macOS.entitlements";
				CODE_SIGN_STYLE = Automatic;
				COMBINE_HIDPI_IMAGES = YES;
				CURRENT_PROJECT_VERSION = 1;
				DEVELOPMENT_TEAM = HX4MHL65HS;
				ENABLE_HARDENED_RUNTIME = YES;
				GENERATE_INFOPLIST_FILE = YES;
				INFOPLIST_KEY_NSHumanReadableCopyright = "";
				INFOPLIST_KEY_NSMainStoryboardFile = Main;
				INFOPLIST_KEY_NSPrincipalClass = NSApplication;
				LD_RUNPATH_SEARCH_PATHS = (
					"$(inherited)",
					"@executable_path/../Frameworks",
				);
				MACOSX_DEPLOYMENT_TARGET = 14.0;
				MARKETING_VERSION = 1.0;
				PRODUCT_BUNDLE_IDENTIFIER = personal.r4;
				PRODUCT_NAME = r4;
				SDKROOT = macosx;
				SWIFT_EMIT_LOC_STRINGS = YES;
				SWIFT_OBJC_BRIDGING_HEADER = "r4 Shared/ShaderTypes.h";
				SWIFT_VERSION = 5.0;
			};
			name = Debug;
		};
		49F79EAD2C17BA8000C3CFC1 /* Release */ = {
			isa = XCBuildConfiguration;
			buildSettings = {
				ASSETCATALOG_COMPILER_APPICON_NAME = AppIcon;
				ASSETCATALOG_COMPILER_GLOBAL_ACCENT_COLOR_NAME = AccentColor;
				CODE_SIGN_ENTITLEMENTS = "r4 macOS/r4_macOS.entitlements";
				CODE_SIGN_STYLE = Automatic;
				COMBINE_HIDPI_IMAGES = YES;
				CURRENT_PROJECT_VERSION = 1;
				DEVELOPMENT_TEAM = HX4MHL65HS;
				ENABLE_HARDENED_RUNTIME = YES;
				GENERATE_INFOPLIST_FILE = YES;
				INFOPLIST_KEY_NSHumanReadableCopyright = "";
				INFOPLIST_KEY_NSMainStoryboardFile = Main;
				INFOPLIST_KEY_NSPrincipalClass = NSApplication;
				LD_RUNPATH_SEARCH_PATHS = (
					"$(inherited)",
					"@executable_path/../Frameworks",
				);
				MACOSX_DEPLOYMENT_TARGET = 14.0;
				MARKETING_VERSION = 1.0;
				PRODUCT_BUNDLE_IDENTIFIER = personal.r4;
				PRODUCT_NAME = r4;
				SDKROOT = macosx;
				SWIFT_EMIT_LOC_STRINGS = YES;
				SWIFT_OBJC_BRIDGING_HEADER = "r4 Shared/ShaderTypes.h";
				SWIFT_VERSION = 5.0;
			};
			name = Release;
		};
/* End XCBuildConfiguration section */

/* Begin XCConfigurationList section */
		49F79E622C17BA7E00C3CFC1 /* Build configuration list for PBXProject "r4" */ = {
			isa = XCConfigurationList;
			buildConfigurations = (
				49F79EA32C17BA8000C3CFC1 /* Debug */,
				49F79EA42C17BA8000C3CFC1 /* Release */,
			);
			defaultConfigurationIsVisible = 0;
			defaultConfigurationName = Release;
		};
		49F79EA52C17BA8000C3CFC1 /* Build configuration list for PBXNativeTarget "r4 iOS" */ = {
			isa = XCConfigurationList;
			buildConfigurations = (
				49F79EA62C17BA8000C3CFC1 /* Debug */,
				49F79EA72C17BA8000C3CFC1 /* Release */,
			);
			defaultConfigurationIsVisible = 0;
			defaultConfigurationName = Release;
		};
		49F79EA82C17BA8000C3CFC1 /* Build configuration list for PBXNativeTarget "r4 tvOS" */ = {
			isa = XCConfigurationList;
			buildConfigurations = (
				49F79EA92C17BA8000C3CFC1 /* Debug */,
				49F79EAA2C17BA8000C3CFC1 /* Release */,
			);
			defaultConfigurationIsVisible = 0;
			defaultConfigurationName = Release;
		};
		49F79EAB2C17BA8000C3CFC1 /* Build configuration list for PBXNativeTarget "r4 macOS" */ = {
			isa = XCConfigurationList;
			buildConfigurations = (
				49F79EAC2C17BA8000C3CFC1 /* Debug */,
				49F79EAD2C17BA8000C3CFC1 /* Release */,
			);
			defaultConfigurationIsVisible = 0;
			defaultConfigurationName = Release;
		};
/* End XCConfigurationList section */
	};
	rootObject = 49F79E5F2C17BA7E00C3CFC1 /* Project object */;
}
